{
  "requires": true,
  "lockfileVersion": 1,
  "dependencies": {
    "jsketcher-occ-engine": {
      "version": "1.0.0",
      "resolved": "https://registry.npmjs.org/jsketcher-occ-engine/-/jsketcher-occ-engine-1.0.0.tgz",
      "integrity": "sha512-f+GigSWQBncO+GC23Y3uVuiwrFXlSc7VEDzslvGdbj73DwYE4GDDtakZIJJE2Nw7jGj/9uWOWglxHTO68oGlvg=="
    }
  }
}
